
Microsoft Visual Studio Solution File, Format Version 12.00
# Visual Studio Version 17
VisualStudioVersion = 17.0.32112.339
MinimumVisualStudioVersion = 10.0.40219.1
Project("{FAE04EC0-301F-11D3-BF4B-00C04F79EFBC}") = "RogoffMediaApi", "RogoffMediaApi\RogoffMediaApi.csproj", "{1C37C112-173B-43CF-8FD3-D4BF69606752}"
EndProject
Project("{FAE04EC0-301F-11D3-BF4B-00C04F79EFBC}") = "RogoffMediaLibrary", "RogoffMediaLibrary\RogoffMediaLibrary.csproj", "{BB1B6567-AA74-49C5-8427-6B517107E646}"
EndProject
Global
	GlobalSection(SolutionConfigurationPlatforms) = preSolution
		Debug|Any CPU = Debug|Any CPU
		Release|Any CPU = Release|Any CPU
	EndGlobalSection
	GlobalSection(ProjectConfigurationPlatforms) = postSolution
		{1C37C112-173B-43CF-8FD3-D4BF69606752}.Debug|Any CPU.ActiveCfg = Debug|Any CPU
		{1C37C112-173B-43CF-8FD3-D4BF69606752}.Debug|Any CPU.Build.0 = Debug|Any CPU
		{1C37C112-173B-43CF-8FD3-D4BF69606752}.Release|Any CPU.ActiveCfg = Release|Any CPU
		{1C37C112-173B-43CF-8FD3-D4BF69606752}.Release|Any CPU.Build.0 = Release|Any CPU
		{BB1B6567-AA74-49C5-8427-6B517107E646}.Debug|Any CPU.ActiveCfg = Debug|Any CPU
		{BB1B6567-AA74-49C5-8427-6B517107E646}.Debug|Any CPU.Build.0 = Debug|Any CPU
		{BB1B6567-AA74-49C5-8427-6B517107E646}.Release|Any CPU.ActiveCfg = Release|Any CPU
		{BB1B6567-AA74-49C5-8427-6B517107E646}.Release|Any CPU.Build.0 = Release|Any CPU
	EndGlobalSection
	GlobalSection(SolutionProperties) = preSolution
		HideSolutionNode = FALSE
	EndGlobalSection
	GlobalSection(ExtensibilityGlobals) = postSolution
		SolutionGuid = {BB9C3804-FCB1-438C-B682-27868EF1E52D}
	EndGlobalSection
EndGlobal
